
Microsoft Visual Studio Solution File, Format Version 12.00
# Visual Studio Version 17
VisualStudioVersion = 17.3.32628.621
MinimumVisualStudioVersion = 10.0.40219.1
Project("{9A19103F-16F7-4668-BE54-9A1E7A4F7556}") = "BlazorIdentity.ServerApp", "samples\BlazorIdentity.ServerApp\BlazorIdentity.ServerApp.csproj", "{9909E557-6C68-46FE-90D3-5B4A1F6AD9B0}"
EndProject
Project("{2150E333-8FDC-42A3-9474-1A3956D46DE8}") = "Solution Items", "Solution Items", "{15E7B0B0-ECB9-4E9C-A881-28817D311701}"
	ProjectSection(SolutionItems) = preProject
		global.json = global.json
		..\nuget.config = ..\nuget.config
		README.md = README.md
	EndProjectSection
EndProject
Project("{9A19103F-16F7-4668-BE54-9A1E7A4F7556}") = "BlazorIdentity.UI", "src\BlazorIdentity.UI\BlazorIdentity.UI.csproj", "{B08EB58F-033E-49AD-9DEC-5FB217FEED26}"
EndProject
Project("{9A19103F-16F7-4668-BE54-9A1E7A4F7556}") = "BlazorIdentity.Server", "src\BlazorIdentity.Server\BlazorIdentity.Server.csproj", "{18B32CA7-19F9-4933-A261-16BCB4272893}"
EndProject
Project("{2150E333-8FDC-42A3-9474-1A3956D46DE8}") = "src", "src", "{9507DB96-D4AC-42BF-B6E5-AE15B46A679B}"
EndProject
Project("{2150E333-8FDC-42A3-9474-1A3956D46DE8}") = "samples", "samples", "{5508E760-3983-41BE-9B26-6BC5519BD49E}"
EndProject
Project("{9A19103F-16F7-4668-BE54-9A1E7A4F7556}") = "BlazorIdentity", "src\BlazorIdentity\BlazorIdentity.csproj", "{5928F86F-C878-46FF-99E9-E6CAE264E5C7}"
EndProject
Global
	GlobalSection(SolutionConfigurationPlatforms) = preSolution
		Debug|Any CPU = Debug|Any CPU
		Release|Any CPU = Release|Any CPU
	EndGlobalSection
	GlobalSection(ProjectConfigurationPlatforms) = postSolution
		{9909E557-6C68-46FE-90D3-5B4A1F6AD9B0}.Debug|Any CPU.ActiveCfg = Debug|Any CPU
		{9909E557-6C68-46FE-90D3-5B4A1F6AD9B0}.Debug|Any CPU.Build.0 = Debug|Any CPU
		{9909E557-6C68-46FE-90D3-5B4A1F6AD9B0}.Release|Any CPU.ActiveCfg = Release|Any CPU
		{9909E557-6C68-46FE-90D3-5B4A1F6AD9B0}.Release|Any CPU.Build.0 = Release|Any CPU
		{B08EB58F-033E-49AD-9DEC-5FB217FEED26}.Debug|Any CPU.ActiveCfg = Debug|Any CPU
		{B08EB58F-033E-49AD-9DEC-5FB217FEED26}.Debug|Any CPU.Build.0 = Debug|Any CPU
		{B08EB58F-033E-49AD-9DEC-5FB217FEED26}.Release|Any CPU.ActiveCfg = Release|Any CPU
		{B08EB58F-033E-49AD-9DEC-5FB217FEED26}.Release|Any CPU.Build.0 = Release|Any CPU
		{18B32CA7-19F9-4933-A261-16BCB4272893}.Debug|Any CPU.ActiveCfg = Debug|Any CPU
		{18B32CA7-19F9-4933-A261-16BCB4272893}.Debug|Any CPU.Build.0 = Debug|Any CPU
		{18B32CA7-19F9-4933-A261-16BCB4272893}.Release|Any CPU.ActiveCfg = Release|Any CPU
		{18B32CA7-19F9-4933-A261-16BCB4272893}.Release|Any CPU.Build.0 = Release|Any CPU
		{5928F86F-C878-46FF-99E9-E6CAE264E5C7}.Debug|Any CPU.ActiveCfg = Debug|Any CPU
		{5928F86F-C878-46FF-99E9-E6CAE264E5C7}.Debug|Any CPU.Build.0 = Debug|Any CPU
		{5928F86F-C878-46FF-99E9-E6CAE264E5C7}.Release|Any CPU.ActiveCfg = Release|Any CPU
		{5928F86F-C878-46FF-99E9-E6CAE264E5C7}.Release|Any CPU.Build.0 = Release|Any CPU
	EndGlobalSection
	GlobalSection(SolutionProperties) = preSolution
		HideSolutionNode = FALSE
	EndGlobalSection
	GlobalSection(NestedProjects) = preSolution
		{9909E557-6C68-46FE-90D3-5B4A1F6AD9B0} = {5508E760-3983-41BE-9B26-6BC5519BD49E}
		{B08EB58F-033E-49AD-9DEC-5FB217FEED26} = {9507DB96-D4AC-42BF-B6E5-AE15B46A679B}
		{18B32CA7-19F9-4933-A261-16BCB4272893} = {9507DB96-D4AC-42BF-B6E5-AE15B46A679B}
		{5928F86F-C878-46FF-99E9-E6CAE264E5C7} = {9507DB96-D4AC-42BF-B6E5-AE15B46A679B}
	EndGlobalSection
	GlobalSection(ExtensibilityGlobals) = postSolution
		SolutionGuid = {7C6F12A4-0BF5-46D5-9D6A-10FB12B3C011}
	EndGlobalSection
EndGlobal
